// !$*UTF8*$!
{
	archiveVersion = 1;
	classes = {
	};
	objectVersion = 55;
	objects = {

/* Begin PBXBuildFile section */
		A59E877C288EDDF700D73E22 /* LaunchInfo.swift in Sources */ = {isa = PBXBuildFile; fileRef = A59E877B288EDDF700D73E22 /* LaunchInfo.swift */; };
		A59E877F288F00E900D73E22 /* SettingsPresenter.swift in Sources */ = {isa = PBXBuildFile; fileRef = A59E877E288F00E900D73E22 /* SettingsPresenter.swift */; };
		A59E8784288F059B00D73E22 /* SettingsViewController.swift in Sources */ = {isa = PBXBuildFile; fileRef = A59E8782288F059B00D73E22 /* SettingsViewController.swift */; };
		A59E8785288F059B00D73E22 /* SettingsViewController.xib in Resources */ = {isa = PBXBuildFile; fileRef = A59E8783288F059B00D73E22 /* SettingsViewController.xib */; };
		A59E8787288FF20B00D73E22 /* MainViewController.xib in Resources */ = {isa = PBXBuildFile; fileRef = A59E8786288FF20B00D73E22 /* MainViewController.xib */; };
		A59E8789288FFA0600D73E22 /* UnitCollectionViewCell.xib in Resources */ = {isa = PBXBuildFile; fileRef = A59E8788288FFA0600D73E22 /* UnitCollectionViewCell.xib */; };
		A59E878C28928F6700D73E22 /* Сoordinator.swift in Sources */ = {isa = PBXBuildFile; fileRef = A59E878B28928F6700D73E22 /* Сoordinator.swift */; };
		A5B4A0CE285E185E0015A64A /* NetworkManager.swift in Sources */ = {isa = PBXBuildFile; fileRef = A5B4A0CD285E185E0015A64A /* NetworkManager.swift */; };
		A5B4A0D02860DAD20015A64A /* Rocket.swift in Sources */ = {isa = PBXBuildFile; fileRef = A5B4A0CF2860DAD20015A64A /* Rocket.swift */; };
		A5B4A0DA28622E1D0015A64A /* UnitCollectionViewCell.swift in Sources */ = {isa = PBXBuildFile; fileRef = A5B4A0D928622E1D0015A64A /* UnitCollectionViewCell.swift */; };
		A5B4A0DC2863440D0015A64A /* Settings.swift in Sources */ = {isa = PBXBuildFile; fileRef = A5B4A0DB2863440D0015A64A /* Settings.swift */; };
		A5B4A0E8287078260015A64A /* DataManager.swift in Sources */ = {isa = PBXBuildFile; fileRef = A5B4A0E7287078260015A64A /* DataManager.swift */; };
		A5B4A0EA2870787B0015A64A /* SettingsManager.swift in Sources */ = {isa = PBXBuildFile; fileRef = A5B4A0E92870787B0015A64A /* SettingsManager.swift */; };
		A5B4A0EE2871C55A0015A64A /* Launch.swift in Sources */ = {isa = PBXBuildFile; fileRef = A5B4A0ED2871C55A0015A64A /* Launch.swift */; };
		A5B4A0F1287202D20015A64A /* LaunchTableViewCell.swift in Sources */ = {isa = PBXBuildFile; fileRef = A5B4A0EF287202D20015A64A /* LaunchTableViewCell.swift */; };
		A5B4A0F4287B1C400015A64A /* LaunchListViewController.swift in Sources */ = {isa = PBXBuildFile; fileRef = A5B4A0F3287B1C400015A64A /* LaunchListViewController.swift */; };
		A5B4A100288AB5890015A64A /* MainPresenter.swift in Sources */ = {isa = PBXBuildFile; fileRef = A5B4A0FF288AB5880015A64A /* MainPresenter.swift */; };
		A5B4A104288AC15B0015A64A /* ModuleBuilder.swift in Sources */ = {isa = PBXBuildFile; fileRef = A5B4A103288AC15B0015A64A /* ModuleBuilder.swift */; };
		A5B4A106288AC9DB0015A64A /* RocketInfo.swift in Sources */ = {isa = PBXBuildFile; fileRef = A5B4A105288AC9DB0015A64A /* RocketInfo.swift */; };
		A5B4A10B288B2ED60015A64A /* LaunchListPresenter.swift in Sources */ = {isa = PBXBuildFile; fileRef = A5B4A10A288B2ED60015A64A /* LaunchListPresenter.swift */; };
		A5B4A111288C179D0015A64A /* LaunchTableViewCell.xib in Resources */ = {isa = PBXBuildFile; fileRef = A5B4A110288C179D0015A64A /* LaunchTableViewCell.xib */; };
		A5EEEACB28538B790040724F /* AppDelegate.swift in Sources */ = {isa = PBXBuildFile; fileRef = A5EEEACA28538B790040724F /* AppDelegate.swift */; };
		A5EEEACD28538B790040724F /* SceneDelegate.swift in Sources */ = {isa = PBXBuildFile; fileRef = A5EEEACC28538B790040724F /* SceneDelegate.swift */; };
		A5EEEACF28538B790040724F /* MainViewController.swift in Sources */ = {isa = PBXBuildFile; fileRef = A5EEEACE28538B790040724F /* MainViewController.swift */; };
		A5EEEAD428538B7A0040724F /* Assets.xcassets in Resources */ = {isa = PBXBuildFile; fileRef = A5EEEAD328538B7A0040724F /* Assets.xcassets */; };
		A5EEEAD728538B7A0040724F /* LaunchScreen.storyboard in Resources */ = {isa = PBXBuildFile; fileRef = A5EEEAD528538B7A0040724F /* LaunchScreen.storyboard */; };
/* End PBXBuildFile section */

/* Begin PBXFileReference section */
		A59E877B288EDDF700D73E22 /* LaunchInfo.swift */ = {isa = PBXFileReference; lastKnownFileType = sourcecode.swift; path = LaunchInfo.swift; sourceTree = "<group>"; };
		A59E877E288F00E900D73E22 /* SettingsPresenter.swift */ = {isa = PBXFileReference; lastKnownFileType = sourcecode.swift; path = SettingsPresenter.swift; sourceTree = "<group>"; };
		A59E8782288F059B00D73E22 /* SettingsViewController.swift */ = {isa = PBXFileReference; lastKnownFileType = sourcecode.swift; path = SettingsViewController.swift; sourceTree = "<group>"; };
		A59E8783288F059B00D73E22 /* SettingsViewController.xib */ = {isa = PBXFileReference; lastKnownFileType = file.xib; path = SettingsViewController.xib; sourceTree = "<group>"; };
		A59E8786288FF20B00D73E22 /* MainViewController.xib */ = {isa = PBXFileReference; lastKnownFileType = file.xib; path = MainViewController.xib; sourceTree = "<group>"; };
		A59E8788288FFA0600D73E22 /* UnitCollectionViewCell.xib */ = {isa = PBXFileReference; lastKnownFileType = file.xib; path = UnitCollectionViewCell.xib; sourceTree = "<group>"; };
		A59E878B28928F6700D73E22 /* Сoordinator.swift */ = {isa = PBXFileReference; lastKnownFileType = sourcecode.swift; path = "Сoordinator.swift"; sourceTree = "<group>"; };
		A5B4A0CD285E185E0015A64A /* NetworkManager.swift */ = {isa = PBXFileReference; lastKnownFileType = sourcecode.swift; path = NetworkManager.swift; sourceTree = "<group>"; };
		A5B4A0CF2860DAD20015A64A /* Rocket.swift */ = {isa = PBXFileReference; lastKnownFileType = sourcecode.swift; path = Rocket.swift; sourceTree = "<group>"; };
		A5B4A0D928622E1D0015A64A /* UnitCollectionViewCell.swift */ = {isa = PBXFileReference; lastKnownFileType = sourcecode.swift; path = UnitCollectionViewCell.swift; sourceTree = "<group>"; };
		A5B4A0DB2863440D0015A64A /* Settings.swift */ = {isa = PBXFileReference; lastKnownFileType = sourcecode.swift; path = Settings.swift; sourceTree = "<group>"; };
		A5B4A0E7287078260015A64A /* DataManager.swift */ = {isa = PBXFileReference; lastKnownFileType = sourcecode.swift; path = DataManager.swift; sourceTree = "<group>"; };
		A5B4A0E92870787B0015A64A /* SettingsManager.swift */ = {isa = PBXFileReference; lastKnownFileType = sourcecode.swift; path = SettingsManager.swift; sourceTree = "<group>"; };
		A5B4A0ED2871C55A0015A64A /* Launch.swift */ = {isa = PBXFileReference; lastKnownFileType = sourcecode.swift; path = Launch.swift; sourceTree = "<group>"; };
		A5B4A0EF287202D20015A64A /* LaunchTableViewCell.swift */ = {isa = PBXFileReference; lastKnownFileType = sourcecode.swift; path = LaunchTableViewCell.swift; sourceTree = "<group>"; };
		A5B4A0F3287B1C400015A64A /* LaunchListViewController.swift */ = {isa = PBXFileReference; lastKnownFileType = sourcecode.swift; path = LaunchListViewController.swift; sourceTree = "<group>"; };
		A5B4A0FF288AB5880015A64A /* MainPresenter.swift */ = {isa = PBXFileReference; lastKnownFileType = sourcecode.swift; path = MainPresenter.swift; sourceTree = "<group>"; };
		A5B4A103288AC15B0015A64A /* ModuleBuilder.swift */ = {isa = PBXFileReference; lastKnownFileType = sourcecode.swift; path = ModuleBuilder.swift; sourceTree = "<group>"; };
		A5B4A105288AC9DB0015A64A /* RocketInfo.swift */ = {isa = PBXFileReference; lastKnownFileType = sourcecode.swift; path = RocketInfo.swift; sourceTree = "<group>"; };
		A5B4A10A288B2ED60015A64A /* LaunchListPresenter.swift */ = {isa = PBXFileReference; lastKnownFileType = sourcecode.swift; path = LaunchListPresenter.swift; sourceTree = "<group>"; };
		A5B4A110288C179D0015A64A /* LaunchTableViewCell.xib */ = {isa = PBXFileReference; lastKnownFileType = file.xib; path = LaunchTableViewCell.xib; sourceTree = "<group>"; };
		A5EEEAC728538B790040724F /* SpaceX.app */ = {isa = PBXFileReference; explicitFileType = wrapper.application; includeInIndex = 0; path = SpaceX.app; sourceTree = BUILT_PRODUCTS_DIR; };
		A5EEEACA28538B790040724F /* AppDelegate.swift */ = {isa = PBXFileReference; lastKnownFileType = sourcecode.swift; path = AppDelegate.swift; sourceTree = "<group>"; };
		A5EEEACC28538B790040724F /* SceneDelegate.swift */ = {isa = PBXFileReference; lastKnownFileType = sourcecode.swift; path = SceneDelegate.swift; sourceTree = "<group>"; };
		A5EEEACE28538B790040724F /* MainViewController.swift */ = {isa = PBXFileReference; lastKnownFileType = sourcecode.swift; path = MainViewController.swift; sourceTree = "<group>"; };
		A5EEEAD328538B7A0040724F /* Assets.xcassets */ = {isa = PBXFileReference; lastKnownFileType = folder.assetcatalog; path = Assets.xcassets; sourceTree = "<group>"; };
		A5EEEAD628538B7A0040724F /* Base */ = {isa = PBXFileReference; lastKnownFileType = file.storyboard; name = Base; path = Base.lproj/LaunchScreen.storyboard; sourceTree = "<group>"; };
		A5EEEAD828538B7A0040724F /* Info.plist */ = {isa = PBXFileReference; lastKnownFileType = text.plist.xml; path = Info.plist; sourceTree = "<group>"; };
/* End PBXFileReference section */

/* Begin PBXFrameworksBuildPhase section */
		A5EEEAC428538B790040724F /* Frameworks */ = {
			isa = PBXFrameworksBuildPhase;
			buildActionMask = 2147483647;
			files = (
			);
			runOnlyForDeploymentPostprocessing = 0;
		};
/* End PBXFrameworksBuildPhase section */

/* Begin PBXGroup section */
		A59E877D288F00D400D73E22 /* Presenters */ = {
			isa = PBXGroup;
			children = (
				A59E877E288F00E900D73E22 /* SettingsPresenter.swift */,
			);
			path = Presenters;
			sourceTree = "<group>";
		};
		A59E878A289289C900D73E22 /* Modules */ = {
			isa = PBXGroup;
			children = (
				A5B4A0F52883EF2B0015A64A /* MainModule */,
				A5B4A0F92883EFEA0015A64A /* SettingsModule */,
				A5B4A0FD2883F0340015A64A /* LaunchModule */,
			);
			path = Modules;
			sourceTree = "<group>";
		};
		A5B4A0DD286346B60015A64A /* Services */ = {
			isa = PBXGroup;
			children = (
				A5B4A0CD285E185E0015A64A /* NetworkManager.swift */,
				A5B4A0E7287078260015A64A /* DataManager.swift */,
				A5B4A0E92870787B0015A64A /* SettingsManager.swift */,
			);
			path = Services;
			sourceTree = "<group>";
		};
		A5B4A0DE2865A9D20015A64A /* Models */ = {
			isa = PBXGroup;
			children = (
				A5B4A0ED2871C55A0015A64A /* Launch.swift */,
				A59E877B288EDDF700D73E22 /* LaunchInfo.swift */,
			);
			path = Models;
			sourceTree = "<group>";
		};
		A5B4A0DF2865AB610015A64A /* Storyboards */ = {
			isa = PBXGroup;
			children = (
				A5EEEAD528538B7A0040724F /* LaunchScreen.storyboard */,
			);
			path = Storyboards;
			sourceTree = "<group>";
		};
		A5B4A0E02865AB770015A64A /* App */ = {
			isa = PBXGroup;
			children = (
				A5EEEACA28538B790040724F /* AppDelegate.swift */,
				A5EEEACC28538B790040724F /* SceneDelegate.swift */,
				A5B4A103288AC15B0015A64A /* ModuleBuilder.swift */,
				A59E878B28928F6700D73E22 /* Сoordinator.swift */,
			);
			path = App;
			sourceTree = "<group>";
		};
		A5B4A0E22865AB8B0015A64A /* Views */ = {
			isa = PBXGroup;
			children = (
				A5B4A0F3287B1C400015A64A /* LaunchListViewController.swift */,
				A5B4A0EF287202D20015A64A /* LaunchTableViewCell.swift */,
				A5B4A110288C179D0015A64A /* LaunchTableViewCell.xib */,
			);
			path = Views;
			sourceTree = "<group>";
		};
		A5B4A0F52883EF2B0015A64A /* MainModule */ = {
			isa = PBXGroup;
			children = (
				A5B4A0FE288AB55E0015A64A /* Presenters */,
				A5B4A0F72883EF580015A64A /* Models */,
				A5B4A0F82883EF810015A64A /* Views */,
			);
			path = MainModule;
			sourceTree = "<group>";
		};
		A5B4A0F72883EF580015A64A /* Models */ = {
			isa = PBXGroup;
			children = (
				A5B4A0CF2860DAD20015A64A /* Rocket.swift */,
				A5B4A105288AC9DB0015A64A /* RocketInfo.swift */,
			);
			path = Models;
			sourceTree = "<group>";
		};
		A5B4A0F82883EF810015A64A /* Views */ = {
			isa = PBXGroup;
			children = (
				A5B4A0D928622E1D0015A64A /* UnitCollectionViewCell.swift */,
				A59E8788288FFA0600D73E22 /* UnitCollectionViewCell.xib */,
				A5EEEACE28538B790040724F /* MainViewController.swift */,
				A59E8786288FF20B00D73E22 /* MainViewController.xib */,
			);
			path = Views;
			sourceTree = "<group>";
		};
		A5B4A0F92883EFEA0015A64A /* SettingsModule */ = {
			isa = PBXGroup;
			children = (
				A59E877D288F00D400D73E22 /* Presenters */,
				A5B4A0FA2883EFF30015A64A /* Models */,
				A5B4A0FB2883EFF90015A64A /* Views */,
			);
			path = SettingsModule;
			sourceTree = "<group>";
		};
		A5B4A0FA2883EFF30015A64A /* Models */ = {
			isa = PBXGroup;
			children = (
				A5B4A0DB2863440D0015A64A /* Settings.swift */,
			);
			path = Models;
			sourceTree = "<group>";
		};
		A5B4A0FB2883EFF90015A64A /* Views */ = {
			isa = PBXGroup;
			children = (
				A59E8782288F059B00D73E22 /* SettingsViewController.swift */,
				A59E8783288F059B00D73E22 /* SettingsViewController.xib */,
			);
			path = Views;
			sourceTree = "<group>";
		};
		A5B4A0FD2883F0340015A64A /* LaunchModule */ = {
			isa = PBXGroup;
			children = (
				A5B4A109288B2EC40015A64A /* Presenters */,
				A5B4A0DE2865A9D20015A64A /* Models */,
				A5B4A0E22865AB8B0015A64A /* Views */,
			);
			path = LaunchModule;
			sourceTree = "<group>";
		};
		A5B4A0FE288AB55E0015A64A /* Presenters */ = {
			isa = PBXGroup;
			children = (
				A5B4A0FF288AB5880015A64A /* MainPresenter.swift */,
			);
			path = Presenters;
			sourceTree = "<group>";
		};
		A5B4A109288B2EC40015A64A /* Presenters */ = {
			isa = PBXGroup;
			children = (
				A5B4A10A288B2ED60015A64A /* LaunchListPresenter.swift */,
			);
			path = Presenters;
			sourceTree = "<group>";
		};
		A5EEEABE28538B790040724F = {
			isa = PBXGroup;
			children = (
				A5EEEAC928538B790040724F /* SpaceX */,
				A5EEEAC828538B790040724F /* Products */,
			);
			sourceTree = "<group>";
		};
		A5EEEAC828538B790040724F /* Products */ = {
			isa = PBXGroup;
			children = (
				A5EEEAC728538B790040724F /* SpaceX.app */,
			);
			name = Products;
			sourceTree = "<group>";
		};
		A5EEEAC928538B790040724F /* SpaceX */ = {
			isa = PBXGroup;
			children = (
				A5B4A0E02865AB770015A64A /* App */,
				A59E878A289289C900D73E22 /* Modules */,
				A5B4A0DD286346B60015A64A /* Services */,
				A5B4A0DF2865AB610015A64A /* Storyboards */,
				A5EEEAD328538B7A0040724F /* Assets.xcassets */,
				A5EEEAD828538B7A0040724F /* Info.plist */,
			);
			path = SpaceX;
			sourceTree = "<group>";
		};
/* End PBXGroup section */

/* Begin PBXNativeTarget section */
		A5EEEAC628538B790040724F /* SpaceX */ = {
			isa = PBXNativeTarget;
			buildConfigurationList = A5EEEADB28538B7A0040724F /* Build configuration list for PBXNativeTarget "SpaceX" */;
			buildPhases = (
				A5EEEAC328538B790040724F /* Sources */,
				A5EEEAC428538B790040724F /* Frameworks */,
				A5EEEAC528538B790040724F /* Resources */,
			);
			buildRules = (
			);
			dependencies = (
			);
			name = SpaceX;
			productName = SpaceX;
			productReference = A5EEEAC728538B790040724F /* SpaceX.app */;
			productType = "com.apple.product-type.application";
		};
/* End PBXNativeTarget section */

/* Begin PBXProject section */
		A5EEEABF28538B790040724F /* Project object */ = {
			isa = PBXProject;
			attributes = {
				BuildIndependentTargetsInParallel = 1;
				LastSwiftUpdateCheck = 1330;
				LastUpgradeCheck = 1330;
				TargetAttributes = {
					A5EEEAC628538B790040724F = {
						CreatedOnToolsVersion = 13.3.1;
					};
				};
			};
			buildConfigurationList = A5EEEAC228538B790040724F /* Build configuration list for PBXProject "SpaceX" */;
			compatibilityVersion = "Xcode 13.0";
			developmentRegion = en;
			hasScannedForEncodings = 0;
			knownRegions = (
				en,
				Base,
			);
			mainGroup = A5EEEABE28538B790040724F;
			productRefGroup = A5EEEAC828538B790040724F /* Products */;
			projectDirPath = "";
			projectRoot = "";
			targets = (
				A5EEEAC628538B790040724F /* SpaceX */,
			);
		};
/* End PBXProject section */

/* Begin PBXResourcesBuildPhase section */
		A5EEEAC528538B790040724F /* Resources */ = {
			isa = PBXResourcesBuildPhase;
			buildActionMask = 2147483647;
			files = (
				A5EEEAD728538B7A0040724F /* LaunchScreen.storyboard in Resources */,
				A59E8789288FFA0600D73E22 /* UnitCollectionViewCell.xib in Resources */,
				A5EEEAD428538B7A0040724F /* Assets.xcassets in Resources */,
				A5B4A111288C179D0015A64A /* LaunchTableViewCell.xib in Resources */,
				A59E8785288F059B00D73E22 /* SettingsViewController.xib in Resources */,
				A59E8787288FF20B00D73E22 /* MainViewController.xib in Resources */,
			);
			runOnlyForDeploymentPostprocessing = 0;
		};
/* End PBXResourcesBuildPhase section */

/* Begin PBXSourcesBuildPhase section */
		A5EEEAC328538B790040724F /* Sources */ = {
			isa = PBXSourcesBuildPhase;
			buildActionMask = 2147483647;
			files = (
				A5B4A0F1287202D20015A64A /* LaunchTableViewCell.swift in Sources */,
				A59E8784288F059B00D73E22 /* SettingsViewController.swift in Sources */,
				A5B4A100288AB5890015A64A /* MainPresenter.swift in Sources */,
				A5B4A0DC2863440D0015A64A /* Settings.swift in Sources */,
				A5B4A0E8287078260015A64A /* DataManager.swift in Sources */,
				A5B4A0D02860DAD20015A64A /* Rocket.swift in Sources */,
				A59E878C28928F6700D73E22 /* Сoordinator.swift in Sources */,
				A5EEEACF28538B790040724F /* MainViewController.swift in Sources */,
				A5B4A10B288B2ED60015A64A /* LaunchListPresenter.swift in Sources */,
				A59E877F288F00E900D73E22 /* SettingsPresenter.swift in Sources */,
				A5B4A0DA28622E1D0015A64A /* UnitCollectionViewCell.swift in Sources */,
				A5EEEACB28538B790040724F /* AppDelegate.swift in Sources */,
				A5EEEACD28538B790040724F /* SceneDelegate.swift in Sources */,
				A5B4A0CE285E185E0015A64A /* NetworkManager.swift in Sources */,
				A59E877C288EDDF700D73E22 /* LaunchInfo.swift in Sources */,
				A5B4A0EA2870787B0015A64A /* SettingsManager.swift in Sources */,
				A5B4A0F4287B1C400015A64A /* LaunchListViewController.swift in Sources */,
				A5B4A0EE2871C55A0015A64A /* Launch.swift in Sources */,
				A5B4A104288AC15B0015A64A /* ModuleBuilder.swift in Sources */,
				A5B4A106288AC9DB0015A64A /* RocketInfo.swift in Sources */,
			);
			runOnlyForDeploymentPostprocessing = 0;
		};
/* End PBXSourcesBuildPhase section */

/* Begin PBXVariantGroup section */
		A5EEEAD528538B7A0040724F /* LaunchScreen.storyboard */ = {
			isa = PBXVariantGroup;
			children = (
				A5EEEAD628538B7A0040724F /* Base */,
			);
			name = LaunchScreen.storyboard;
			sourceTree = "<group>";
		};
/* End PBXVariantGroup section */

/* Begin XCBuildConfiguration section */
		A5EEEAD928538B7A0040724F /* Debug */ = {
			isa = XCBuildConfiguration;
			buildSettings = {
				ALWAYS_SEARCH_USER_PATHS = NO;
				CLANG_ANALYZER_NONNULL = YES;
				CLANG_ANALYZER_NUMBER_OBJECT_CONVERSION = YES_AGGRESSIVE;
				CLANG_CXX_LANGUAGE_STANDARD = "gnu++17";
				CLANG_ENABLE_MODULES = YES;
				CLANG_ENABLE_OBJC_ARC = YES;
				CLANG_ENABLE_OBJC_WEAK = YES;
				CLANG_WARN_BLOCK_CAPTURE_AUTORELEASING = YES;
				CLANG_WARN_BOOL_CONVERSION = YES;
				CLANG_WARN_COMMA = YES;
				CLANG_WARN_CONSTANT_CONVERSION = YES;
				CLANG_WARN_DEPRECATED_OBJC_IMPLEMENTATIONS = YES;
				CLANG_WARN_DIRECT_OBJC_ISA_USAGE = YES_ERROR;
				CLANG_WARN_DOCUMENTATION_COMMENTS = YES;
				CLANG_WARN_EMPTY_BODY = YES;
				CLANG_WARN_ENUM_CONVERSION = YES;
				CLANG_WARN_INFINITE_RECURSION = YES;
				CLANG_WARN_INT_CONVERSION = YES;
				CLANG_WARN_NON_LITERAL_NULL_CONVERSION = YES;
				CLANG_WARN_OBJC_IMPLICIT_RETAIN_SELF = YES;
				CLANG_WARN_OBJC_LITERAL_CONVERSION = YES;
				CLANG_WARN_OBJC_ROOT_CLASS = YES_ERROR;
				CLANG_WARN_QUOTED_INCLUDE_IN_FRAMEWORK_HEADER = YES;
				CLANG_WARN_RANGE_LOOP_ANALYSIS = YES;
				CLANG_WARN_STRICT_PROTOTYPES = YES;
				CLANG_WARN_SUSPICIOUS_MOVE = YES;
				CLANG_WARN_UNGUARDED_AVAILABILITY = YES_AGGRESSIVE;
				CLANG_WARN_UNREACHABLE_CODE = YES;
				CLANG_WARN__DUPLICATE_METHOD_MATCH = YES;
				COPY_PHASE_STRIP = NO;
				DEBUG_INFORMATION_FORMAT = dwarf;
				ENABLE_STRICT_OBJC_MSGSEND = YES;
				ENABLE_TESTABILITY = YES;
				GCC_C_LANGUAGE_STANDARD = gnu11;
				GCC_DYNAMIC_NO_PIC = NO;
				GCC_NO_COMMON_BLOCKS = YES;
				GCC_OPTIMIZATION_LEVEL = 0;
				GCC_PREPROCESSOR_DEFINITIONS = (
					"DEBUG=1",
					"$(inherited)",
				);
				GCC_WARN_64_TO_32_BIT_CONVERSION = YES;
				GCC_WARN_ABOUT_RETURN_TYPE = YES_ERROR;
				GCC_WARN_UNDECLARED_SELECTOR = YES;
				GCC_WARN_UNINITIALIZED_AUTOS = YES_AGGRESSIVE;
				GCC_WARN_UNUSED_FUNCTION = YES;
				GCC_WARN_UNUSED_VARIABLE = YES;
				IPHONEOS_DEPLOYMENT_TARGET = 15.4;
				MTL_ENABLE_DEBUG_INFO = INCLUDE_SOURCE;
				MTL_FAST_MATH = YES;
				ONLY_ACTIVE_ARCH = YES;
				SDKROOT = iphoneos;
				SWIFT_ACTIVE_COMPILATION_CONDITIONS = DEBUG;
				SWIFT_OPTIMIZATION_LEVEL = "-Onone";
			};
			name = Debug;
		};
		A5EEEADA28538B7A0040724F /* Release */ = {
			isa = XCBuildConfiguration;
			buildSettings = {
				ALWAYS_SEARCH_USER_PATHS = NO;
				CLANG_ANALYZER_NONNULL = YES;
				CLANG_ANALYZER_NUMBER_OBJECT_CONVERSION = YES_AGGRESSIVE;
				CLANG_CXX_LANGUAGE_STANDARD = "gnu++17";
				CLANG_ENABLE_MODULES = YES;
				CLANG_ENABLE_OBJC_ARC = YES;
				CLANG_ENABLE_OBJC_WEAK = YES;
				CLANG_WARN_BLOCK_CAPTURE_AUTORELEASING = YES;
				CLANG_WARN_BOOL_CONVERSION = YES;
				CLANG_WARN_COMMA = YES;
				CLANG_WARN_CONSTANT_CONVERSION = YES;
				CLANG_WARN_DEPRECATED_OBJC_IMPLEMENTATIONS = YES;
				CLANG_WARN_DIRECT_OBJC_ISA_USAGE = YES_ERROR;
				CLANG_WARN_DOCUMENTATION_COMMENTS = YES;
				CLANG_WARN_EMPTY_BODY = YES;
				CLANG_WARN_ENUM_CONVERSION = YES;
				CLANG_WARN_INFINITE_RECURSION = YES;
				CLANG_WARN_INT_CONVERSION = YES;
				CLANG_WARN_NON_LITERAL_NULL_CONVERSION = YES;
				CLANG_WARN_OBJC_IMPLICIT_RETAIN_SELF = YES;
				CLANG_WARN_OBJC_LITERAL_CONVERSION = YES;
				CLANG_WARN_OBJC_ROOT_CLASS = YES_ERROR;
				CLANG_WARN_QUOTED_INCLUDE_IN_FRAMEWORK_HEADER = YES;
				CLANG_WARN_RANGE_LOOP_ANALYSIS = YES;
				CLANG_WARN_STRICT_PROTOTYPES = YES;
				CLANG_WARN_SUSPICIOUS_MOVE = YES;
				CLANG_WARN_UNGUARDED_AVAILABILITY = YES_AGGRESSIVE;
				CLANG_WARN_UNREACHABLE_CODE = YES;
				CLANG_WARN__DUPLICATE_METHOD_MATCH = YES;
				COPY_PHASE_STRIP = NO;
				DEBUG_INFORMATION_FORMAT = "dwarf-with-dsym";
				ENABLE_NS_ASSERTIONS = NO;
				ENABLE_STRICT_OBJC_MSGSEND = YES;
				GCC_C_LANGUAGE_STANDARD = gnu11;
				GCC_NO_COMMON_BLOCKS = YES;
				GCC_WARN_64_TO_32_BIT_CONVERSION = YES;
				GCC_WARN_ABOUT_RETURN_TYPE = YES_ERROR;
				GCC_WARN_UNDECLARED_SELECTOR = YES;
				GCC_WARN_UNINITIALIZED_AUTOS = YES_AGGRESSIVE;
				GCC_WARN_UNUSED_FUNCTION = YES;
				GCC_WARN_UNUSED_VARIABLE = YES;
				IPHONEOS_DEPLOYMENT_TARGET = 15.4;
				MTL_ENABLE_DEBUG_INFO = NO;
				MTL_FAST_MATH = YES;
				SDKROOT = iphoneos;
				SWIFT_COMPILATION_MODE = wholemodule;
				SWIFT_OPTIMIZATION_LEVEL = "-O";
				VALIDATE_PRODUCT = YES;
			};
			name = Release;
		};
		A5EEEADC28538B7A0040724F /* Debug */ = {
			isa = XCBuildConfiguration;
			buildSettings = {
				ASSETCATALOG_COMPILER_APPICON_NAME = AppIcon;
				ASSETCATALOG_COMPILER_GLOBAL_ACCENT_COLOR_NAME = AccentColor;
				CODE_SIGN_STYLE = Automatic;
				CURRENT_PROJECT_VERSION = 1;
				DEVELOPMENT_TEAM = B346NGGCL4;
				GENERATE_INFOPLIST_FILE = YES;
				INFOPLIST_FILE = SpaceX/Info.plist;
				INFOPLIST_KEY_UIApplicationSupportsIndirectInputEvents = YES;
				INFOPLIST_KEY_UILaunchStoryboardName = LaunchScreen;
				INFOPLIST_KEY_UISupportedInterfaceOrientations = UIInterfaceOrientationPortrait;
				INFOPLIST_KEY_UISupportedInterfaceOrientations_iPad = "UIInterfaceOrientationPortrait UIInterfaceOrientationPortraitUpsideDown UIInterfaceOrientationLandscapeLeft UIInterfaceOrientationLandscapeRight";
				INFOPLIST_KEY_UISupportedInterfaceOrientations_iPhone = UIInterfaceOrientationPortrait;
				IPHONEOS_DEPLOYMENT_TARGET = 15.0;
				LD_RUNPATH_SEARCH_PATHS = (
					"$(inherited)",
					"@executable_path/Frameworks",
				);
				MARKETING_VERSION = 1.0;
				PRODUCT_BUNDLE_IDENTIFIER = Com.VoloshenkoEV.SpaceX;
				PRODUCT_NAME = "$(TARGET_NAME)";
				SWIFT_EMIT_LOC_STRINGS = YES;
				SWIFT_VERSION = 5.0;
				TARGETED_DEVICE_FAMILY = 1;
			};
			name = Debug;
		};
		A5EEEADD28538B7A0040724F /* Release */ = {
			isa = XCBuildConfiguration;
			buildSettings = {
				ASSETCATALOG_COMPILER_APPICON_NAME = AppIcon;
				ASSETCATALOG_COMPILER_GLOBAL_ACCENT_COLOR_NAME = AccentColor;
				CODE_SIGN_STYLE = Automatic;
				CURRENT_PROJECT_VERSION = 1;
				DEVELOPMENT_TEAM = B346NGGCL4;
				GENERATE_INFOPLIST_FILE = YES;
				INFOPLIST_FILE = SpaceX/Info.plist;
				INFOPLIST_KEY_UIApplicationSupportsIndirectInputEvents = YES;
				INFOPLIST_KEY_UILaunchStoryboardName = LaunchScreen;
				INFOPLIST_KEY_UISupportedInterfaceOrientations = UIInterfaceOrientationPortrait;
				INFOPLIST_KEY_UISupportedInterfaceOrientations_iPad = "UIInterfaceOrientationPortrait UIInterfaceOrientationPortraitUpsideDown UIInterfaceOrientationLandscapeLeft UIInterfaceOrientationLandscapeRight";
				INFOPLIST_KEY_UISupportedInterfaceOrientations_iPhone = UIInterfaceOrientationPortrait;
				IPHONEOS_DEPLOYMENT_TARGET = 15.0;
				LD_RUNPATH_SEARCH_PATHS = (
					"$(inherited)",
					"@executable_path/Frameworks",
				);
				MARKETING_VERSION = 1.0;
				PRODUCT_BUNDLE_IDENTIFIER = Com.VoloshenkoEV.SpaceX;
				PRODUCT_NAME = "$(TARGET_NAME)";
				SWIFT_EMIT_LOC_STRINGS = YES;
				SWIFT_VERSION = 5.0;
				TARGETED_DEVICE_FAMILY = 1;
			};
			name = Release;
		};
/* End XCBuildConfiguration section */

/* Begin XCConfigurationList section */
		A5EEEAC228538B790040724F /* Build configuration list for PBXProject "SpaceX" */ = {
			isa = XCConfigurationList;
			buildConfigurations = (
				A5EEEAD928538B7A0040724F /* Debug */,
				A5EEEADA28538B7A0040724F /* Release */,
			);
			defaultConfigurationIsVisible = 0;
			defaultConfigurationName = Release;
		};
		A5EEEADB28538B7A0040724F /* Build configuration list for PBXNativeTarget "SpaceX" */ = {
			isa = XCConfigurationList;
			buildConfigurations = (
				A5EEEADC28538B7A0040724F /* Debug */,
				A5EEEADD28538B7A0040724F /* Release */,
			);
			defaultConfigurationIsVisible = 0;
			defaultConfigurationName = Release;
		};
/* End XCConfigurationList section */
	};
	rootObject = A5EEEABF28538B790040724F /* Project object */;
}
